
Microsoft Visual Studio Solution File, Format Version 12.00
# Visual Studio Version 16
VisualStudioVersion = 16.0.30907.101
MinimumVisualStudioVersion = 10.0.40219.1
Project("{FAE04EC0-301F-11D3-BF4B-00C04F79EFBC}") = "ePantryAppv3", "ePantryAppv3\ePantryAppv3.csproj", "{AE7EF50C-36A6-4844-B315-70BC7BBD9B6B}"
EndProject
Global
	GlobalSection(SolutionConfigurationPlatforms) = preSolution
		Debug|Any CPU = Debug|Any CPU
		Release|Any CPU = Release|Any CPU
	EndGlobalSection
	GlobalSection(ProjectConfigurationPlatforms) = postSolution
		{AE7EF50C-36A6-4844-B315-70BC7BBD9B6B}.Debug|Any CPU.ActiveCfg = Debug|Any CPU
		{AE7EF50C-36A6-4844-B315-70BC7BBD9B6B}.Debug|Any CPU.Build.0 = Debug|Any CPU
		{AE7EF50C-36A6-4844-B315-70BC7BBD9B6B}.Debug|Any CPU.Deploy.0 = Debug|Any CPU
		{AE7EF50C-36A6-4844-B315-70BC7BBD9B6B}.Release|Any CPU.ActiveCfg = Release|Any CPU
		{AE7EF50C-36A6-4844-B315-70BC7BBD9B6B}.Release|Any CPU.Build.0 = Release|Any CPU
		{AE7EF50C-36A6-4844-B315-70BC7BBD9B6B}.Release|Any CPU.Deploy.0 = Release|Any CPU
	EndGlobalSection
	GlobalSection(SolutionProperties) = preSolution
		HideSolutionNode = FALSE
	EndGlobalSection
	GlobalSection(ExtensibilityGlobals) = postSolution
		SolutionGuid = {C01B66E2-9818-426D-80B4-4AA89C1A06F7}
	EndGlobalSection
EndGlobal

